
Microsoft Visual Studio Solution File, Format Version 12.00
# Visual Studio Version 17
VisualStudioVersion = 17.12.35707.178 d17.12
MinimumVisualStudioVersion = 10.0.40219.1
Project("{FAE04EC0-301F-11D3-BF4B-00C04F79EFBC}") = "ConsoleApp_Customer_Loyalty_Program_Project", "ConsoleApp_Customer_Loyalty_Program_Project.csproj", "{CBD35C69-6315-42C1-A9C4-F3E2E14A0A2F}"
EndProject
Global
	GlobalSection(SolutionConfigurationPlatforms) = preSolution
		Debug|Any CPU = Debug|Any CPU
		Release|Any CPU = Release|Any CPU
	EndGlobalSection
	GlobalSection(ProjectConfigurationPlatforms) = postSolution
		{CBD35C69-6315-42C1-A9C4-F3E2E14A0A2F}.Debug|Any CPU.ActiveCfg = Debug|Any CPU
		{CBD35C69-6315-42C1-A9C4-F3E2E14A0A2F}.Debug|Any CPU.Build.0 = Debug|Any CPU
		{CBD35C69-6315-42C1-A9C4-F3E2E14A0A2F}.Release|Any CPU.ActiveCfg = Release|Any CPU
		{CBD35C69-6315-42C1-A9C4-F3E2E14A0A2F}.Release|Any CPU.Build.0 = Release|Any CPU
	EndGlobalSection
	GlobalSection(SolutionProperties) = preSolution
		HideSolutionNode = FALSE
	EndGlobalSection
EndGlobal
